// !$*UTF8*$!
{
	archiveVersion = 1;
	classes = {
	};
	objectVersion = 56;
	objects = {

/* Begin PBXBuildFile section */
		A921D38F298F71E600678AE8 /* AppDelegate.swift in Sources */ = {isa = PBXBuildFile; fileRef = A921D38E298F71E600678AE8 /* AppDelegate.swift */; };
		A921D391298F71E600678AE8 /* SceneDelegate.swift in Sources */ = {isa = PBXBuildFile; fileRef = A921D390298F71E600678AE8 /* SceneDelegate.swift */; };
		A921D393298F71E600678AE8 /* ViewController.swift in Sources */ = {isa = PBXBuildFile; fileRef = A921D392298F71E600678AE8 /* ViewController.swift */; };
		A921D396298F71E600678AE8 /* Main.storyboard in Resources */ = {isa = PBXBuildFile; fileRef = A921D394298F71E600678AE8 /* Main.storyboard */; };
		A921D398298F71E700678AE8 /* Assets.xcassets in Resources */ = {isa = PBXBuildFile; fileRef = A921D397298F71E700678AE8 /* Assets.xcassets */; };
		A921D39B298F71E700678AE8 /* LaunchScreen.storyboard in Resources */ = {isa = PBXBuildFile; fileRef = A921D399298F71E700678AE8 /* LaunchScreen.storyboard */; };
		A921D3A3298F734400678AE8 /* Constatnts.swift in Sources */ = {isa = PBXBuildFile; fileRef = A921D3A2298F734400678AE8 /* Constatnts.swift */; };
		A921D3A5298F815300678AE8 /* ViewController_Helper.swift in Sources */ = {isa = PBXBuildFile; fileRef = A921D3A4298F815300678AE8 /* ViewController_Helper.swift */; };
		A921D3A7298F827800678AE8 /* Api.swift in Sources */ = {isa = PBXBuildFile; fileRef = A921D3A6298F827800678AE8 /* Api.swift */; };
		A921D3AC298F8CB000678AE8 /* NeoStat.swift in Sources */ = {isa = PBXBuildFile; fileRef = A921D3AB298F8CB000678AE8 /* NeoStat.swift */; };
		A921D3AF298FAAD700678AE8 /* ViewModel.swift in Sources */ = {isa = PBXBuildFile; fileRef = A921D3AE298FAAD700678AE8 /* ViewModel.swift */; };
		A921D3F42990E35600678AE8 /* UIColor.swift in Sources */ = {isa = PBXBuildFile; fileRef = A921D3F32990E35600678AE8 /* UIColor.swift */; };
		A921D3F62990EE4300678AE8 /* Calender.swift in Sources */ = {isa = PBXBuildFile; fileRef = A921D3F52990EE4300678AE8 /* Calender.swift */; };
		B16FC261AFE31D45527DD1DD /* Pods_AsteroidNeo_Stats.framework in Frameworks */ = {isa = PBXBuildFile; fileRef = B3A64CE9F4B033FB0C897B96 /* Pods_AsteroidNeo_Stats.framework */; };
/* End PBXBuildFile section */

/* Begin PBXFileReference section */
		57916DED032F4E7A6549925A /* Pods-AsteroidNeo Stats.release.xcconfig */ = {isa = PBXFileReference; includeInIndex = 1; lastKnownFileType = text.xcconfig; name = "Pods-AsteroidNeo Stats.release.xcconfig"; path = "Target Support Files/Pods-AsteroidNeo Stats/Pods-AsteroidNeo Stats.release.xcconfig"; sourceTree = "<group>"; };
		78AC6A90DE962CCC50D36CAC /* Pods-AsteroidNeo Stats.debug.xcconfig */ = {isa = PBXFileReference; includeInIndex = 1; lastKnownFileType = text.xcconfig; name = "Pods-AsteroidNeo Stats.debug.xcconfig"; path = "Target Support Files/Pods-AsteroidNeo Stats/Pods-AsteroidNeo Stats.debug.xcconfig"; sourceTree = "<group>"; };
		A921D38B298F71E600678AE8 /* AsteroidNeo Stats.app */ = {isa = PBXFileReference; explicitFileType = wrapper.application; includeInIndex = 0; path = "AsteroidNeo Stats.app"; sourceTree = BUILT_PRODUCTS_DIR; };
		A921D38E298F71E600678AE8 /* AppDelegate.swift */ = {isa = PBXFileReference; lastKnownFileType = sourcecode.swift; path = AppDelegate.swift; sourceTree = "<group>"; };
		A921D390298F71E600678AE8 /* SceneDelegate.swift */ = {isa = PBXFileReference; lastKnownFileType = sourcecode.swift; path = SceneDelegate.swift; sourceTree = "<group>"; };
		A921D392298F71E600678AE8 /* ViewController.swift */ = {isa = PBXFileReference; lastKnownFileType = sourcecode.swift; path = ViewController.swift; sourceTree = "<group>"; };
		A921D395298F71E600678AE8 /* Base */ = {isa = PBXFileReference; lastKnownFileType = file.storyboard; name = Base; path = Base.lproj/Main.storyboard; sourceTree = "<group>"; };
		A921D397298F71E700678AE8 /* Assets.xcassets */ = {isa = PBXFileReference; lastKnownFileType = folder.assetcatalog; path = Assets.xcassets; sourceTree = "<group>"; };
		A921D39A298F71E700678AE8 /* Base */ = {isa = PBXFileReference; lastKnownFileType = file.storyboard; name = Base; path = Base.lproj/LaunchScreen.storyboard; sourceTree = "<group>"; };
		A921D39C298F71E700678AE8 /* Info.plist */ = {isa = PBXFileReference; lastKnownFileType = text.plist.xml; path = Info.plist; sourceTree = "<group>"; };
		A921D3A2298F734400678AE8 /* Constatnts.swift */ = {isa = PBXFileReference; lastKnownFileType = sourcecode.swift; path = Constatnts.swift; sourceTree = "<group>"; };
		A921D3A4298F815300678AE8 /* ViewController_Helper.swift */ = {isa = PBXFileReference; lastKnownFileType = sourcecode.swift; path = ViewController_Helper.swift; sourceTree = "<group>"; };
		A921D3A6298F827800678AE8 /* Api.swift */ = {isa = PBXFileReference; lastKnownFileType = sourcecode.swift; path = Api.swift; sourceTree = "<group>"; };
		A921D3AB298F8CB000678AE8 /* NeoStat.swift */ = {isa = PBXFileReference; lastKnownFileType = sourcecode.swift; path = NeoStat.swift; sourceTree = "<group>"; };
		A921D3AE298FAAD700678AE8 /* ViewModel.swift */ = {isa = PBXFileReference; lastKnownFileType = sourcecode.swift; path = ViewModel.swift; sourceTree = "<group>"; };
		A921D3F32990E35600678AE8 /* UIColor.swift */ = {isa = PBXFileReference; lastKnownFileType = sourcecode.swift; path = UIColor.swift; sourceTree = "<group>"; };
		A921D3F52990EE4300678AE8 /* Calender.swift */ = {isa = PBXFileReference; lastKnownFileType = sourcecode.swift; path = Calender.swift; sourceTree = "<group>"; };
		B3A64CE9F4B033FB0C897B96 /* Pods_AsteroidNeo_Stats.framework */ = {isa = PBXFileReference; explicitFileType = wrapper.framework; includeInIndex = 0; path = Pods_AsteroidNeo_Stats.framework; sourceTree = BUILT_PRODUCTS_DIR; };
/* End PBXFileReference section */

/* Begin PBXFrameworksBuildPhase section */
		A921D388298F71E600678AE8 /* Frameworks */ = {
			isa = PBXFrameworksBuildPhase;
			buildActionMask = 2147483647;
			files = (
				B16FC261AFE31D45527DD1DD /* Pods_AsteroidNeo_Stats.framework in Frameworks */,
			);
			runOnlyForDeploymentPostprocessing = 0;
		};
/* End PBXFrameworksBuildPhase section */

/* Begin PBXGroup section */
		170C0DFFBD09406FDF1ACF2C /* Pods */ = {
			isa = PBXGroup;
			children = (
				78AC6A90DE962CCC50D36CAC /* Pods-AsteroidNeo Stats.debug.xcconfig */,
				57916DED032F4E7A6549925A /* Pods-AsteroidNeo Stats.release.xcconfig */,
			);
			path = Pods;
			sourceTree = "<group>";
		};
		97868EBB13F68A47FE7C1D9B /* Frameworks */ = {
			isa = PBXGroup;
			children = (
				B3A64CE9F4B033FB0C897B96 /* Pods_AsteroidNeo_Stats.framework */,
			);
			name = Frameworks;
			sourceTree = "<group>";
		};
		A921D382298F71E600678AE8 = {
			isa = PBXGroup;
			children = (
				A921D38D298F71E600678AE8 /* AsteroidNeo Stats */,
				A921D38C298F71E600678AE8 /* Products */,
				170C0DFFBD09406FDF1ACF2C /* Pods */,
				97868EBB13F68A47FE7C1D9B /* Frameworks */,
			);
			sourceTree = "<group>";
		};
		A921D38C298F71E600678AE8 /* Products */ = {
			isa = PBXGroup;
			children = (
				A921D38B298F71E600678AE8 /* AsteroidNeo Stats.app */,
			);
			name = Products;
			sourceTree = "<group>";
		};
		A921D38D298F71E600678AE8 /* AsteroidNeo Stats */ = {
			isa = PBXGroup;
			children = (
				A921D3F22990E2CB00678AE8 /* Extensions */,
				A921D38E298F71E600678AE8 /* AppDelegate.swift */,
				A921D390298F71E600678AE8 /* SceneDelegate.swift */,
				A921D3AD298FAA5600678AE8 /* ViewModel */,
				A921D3AA298F845000678AE8 /* Models */,
				A921D3A9298F844600678AE8 /* Network */,
				A921D3A8298F843A00678AE8 /* Viewcontrollers */,
				A921D394298F71E600678AE8 /* Main.storyboard */,
				A921D397298F71E700678AE8 /* Assets.xcassets */,
				A921D399298F71E700678AE8 /* LaunchScreen.storyboard */,
				A921D39C298F71E700678AE8 /* Info.plist */,
			);
			path = "AsteroidNeo Stats";
			sourceTree = "<group>";
		};
		A921D3A8298F843A00678AE8 /* Viewcontrollers */ = {
			isa = PBXGroup;
			children = (
				A921D392298F71E600678AE8 /* ViewController.swift */,
				A921D3A4298F815300678AE8 /* ViewController_Helper.swift */,
			);
			path = Viewcontrollers;
			sourceTree = "<group>";
		};
		A921D3A9298F844600678AE8 /* Network */ = {
			isa = PBXGroup;
			children = (
				A921D3A6298F827800678AE8 /* Api.swift */,
			);
			path = Network;
			sourceTree = "<group>";
		};
		A921D3AA298F845000678AE8 /* Models */ = {
			isa = PBXGroup;
			children = (
				A921D3AB298F8CB000678AE8 /* NeoStat.swift */,
			);
			path = Models;
			sourceTree = "<group>";
		};
		A921D3AD298FAA5600678AE8 /* ViewModel */ = {
			isa = PBXGroup;
			children = (
				A921D3AE298FAAD700678AE8 /* ViewModel.swift */,
			);
			path = ViewModel;
			sourceTree = "<group>";
		};
		A921D3F22990E2CB00678AE8 /* Extensions */ = {
			isa = PBXGroup;
			children = (
				A921D3A2298F734400678AE8 /* Constatnts.swift */,
				A921D3F32990E35600678AE8 /* UIColor.swift */,
				A921D3F52990EE4300678AE8 /* Calender.swift */,
			);
			path = Extensions;
			sourceTree = "<group>";
		};
/* End PBXGroup section */

/* Begin PBXNativeTarget section */
		A921D38A298F71E600678AE8 /* AsteroidNeo Stats */ = {
			isa = PBXNativeTarget;
			buildConfigurationList = A921D39F298F71E700678AE8 /* Build configuration list for PBXNativeTarget "AsteroidNeo Stats" */;
			buildPhases = (
				A305F4C838DCCC1A8A4CE3A1 /* [CP] Check Pods Manifest.lock */,
				A921D387298F71E600678AE8 /* Sources */,
				A921D388298F71E600678AE8 /* Frameworks */,
				A921D389298F71E600678AE8 /* Resources */,
				314FC672B983B39A4F87A84E /* [CP] Embed Pods Frameworks */,
			);
			buildRules = (
			);
			dependencies = (
			);
			name = "AsteroidNeo Stats";
			productName = "AsteroidNeo Stats";
			productReference = A921D38B298F71E600678AE8 /* AsteroidNeo Stats.app */;
			productType = "com.apple.product-type.application";
		};
/* End PBXNativeTarget section */

/* Begin PBXProject section */
		A921D383298F71E600678AE8 /* Project object */ = {
			isa = PBXProject;
			attributes = {
				BuildIndependentTargetsInParallel = 1;
				LastSwiftUpdateCheck = 1420;
				LastUpgradeCheck = 1420;
				TargetAttributes = {
					A921D38A298F71E600678AE8 = {
						CreatedOnToolsVersion = 14.2;
					};
				};
			};
			buildConfigurationList = A921D386298F71E600678AE8 /* Build configuration list for PBXProject "AsteroidNeo Stats" */;
			compatibilityVersion = "Xcode 14.0";
			developmentRegion = en;
			hasScannedForEncodings = 0;
			knownRegions = (
				en,
				Base,
			);
			mainGroup = A921D382298F71E600678AE8;
			productRefGroup = A921D38C298F71E600678AE8 /* Products */;
			projectDirPath = "";
			projectRoot = "";
			targets = (
				A921D38A298F71E600678AE8 /* AsteroidNeo Stats */,
			);
		};
/* End PBXProject section */

/* Begin PBXResourcesBuildPhase section */
		A921D389298F71E600678AE8 /* Resources */ = {
			isa = PBXResourcesBuildPhase;
			buildActionMask = 2147483647;
			files = (
				A921D39B298F71E700678AE8 /* LaunchScreen.storyboard in Resources */,
				A921D398298F71E700678AE8 /* Assets.xcassets in Resources */,
				A921D396298F71E600678AE8 /* Main.storyboard in Resources */,
			);
			runOnlyForDeploymentPostprocessing = 0;
		};
/* End PBXResourcesBuildPhase section */

/* Begin PBXShellScriptBuildPhase section */
		314FC672B983B39A4F87A84E /* [CP] Embed Pods Frameworks */ = {
			isa = PBXShellScriptBuildPhase;
			buildActionMask = 2147483647;
			files = (
			);
			inputFileListPaths = (
				"${PODS_ROOT}/Target Support Files/Pods-AsteroidNeo Stats/Pods-AsteroidNeo Stats-frameworks-${CONFIGURATION}-input-files.xcfilelist",
			);
			name = "[CP] Embed Pods Frameworks";
			outputFileListPaths = (
				"${PODS_ROOT}/Target Support Files/Pods-AsteroidNeo Stats/Pods-AsteroidNeo Stats-frameworks-${CONFIGURATION}-output-files.xcfilelist",
			);
			runOnlyForDeploymentPostprocessing = 0;
			shellPath = /bin/sh;
			shellScript = "\"${PODS_ROOT}/Target Support Files/Pods-AsteroidNeo Stats/Pods-AsteroidNeo Stats-frameworks.sh\"\n";
			showEnvVarsInLog = 0;
		};
		A305F4C838DCCC1A8A4CE3A1 /* [CP] Check Pods Manifest.lock */ = {
			isa = PBXShellScriptBuildPhase;
			buildActionMask = 2147483647;
			files = (
			);
			inputFileListPaths = (
			);
			inputPaths = (
				"${PODS_PODFILE_DIR_PATH}/Podfile.lock",
				"${PODS_ROOT}/Manifest.lock",
			);
			name = "[CP] Check Pods Manifest.lock";
			outputFileListPaths = (
			);
			outputPaths = (
				"$(DERIVED_FILE_DIR)/Pods-AsteroidNeo Stats-checkManifestLockResult.txt",
			);
			runOnlyForDeploymentPostprocessing = 0;
			shellPath = /bin/sh;
			shellScript = "diff \"${PODS_PODFILE_DIR_PATH}/Podfile.lock\" \"${PODS_ROOT}/Manifest.lock\" > /dev/null\nif [ $? != 0 ] ; then\n    # print error to STDERR\n    echo \"error: The sandbox is not in sync with the Podfile.lock. Run 'pod install' or update your CocoaPods installation.\" >&2\n    exit 1\nfi\n# This output is used by Xcode 'outputs' to avoid re-running this script phase.\necho \"SUCCESS\" > \"${SCRIPT_OUTPUT_FILE_0}\"\n";
			showEnvVarsInLog = 0;
		};
/* End PBXShellScriptBuildPhase section */

/* Begin PBXSourcesBuildPhase section */
		A921D387298F71E600678AE8 /* Sources */ = {
			isa = PBXSourcesBuildPhase;
			buildActionMask = 2147483647;
			files = (
				A921D3A7298F827800678AE8 /* Api.swift in Sources */,
				A921D3A3298F734400678AE8 /* Constatnts.swift in Sources */,
				A921D393298F71E600678AE8 /* ViewController.swift in Sources */,
				A921D3A5298F815300678AE8 /* ViewController_Helper.swift in Sources */,
				A921D3F42990E35600678AE8 /* UIColor.swift in Sources */,
				A921D38F298F71E600678AE8 /* AppDelegate.swift in Sources */,
				A921D391298F71E600678AE8 /* SceneDelegate.swift in Sources */,
				A921D3AF298FAAD700678AE8 /* ViewModel.swift in Sources */,
				A921D3AC298F8CB000678AE8 /* NeoStat.swift in Sources */,
				A921D3F62990EE4300678AE8 /* Calender.swift in Sources */,
			);
			runOnlyForDeploymentPostprocessing = 0;
		};
/* End PBXSourcesBuildPhase section */

/* Begin PBXVariantGroup section */
		A921D394298F71E600678AE8 /* Main.storyboard */ = {
			isa = PBXVariantGroup;
			children = (
				A921D395298F71E600678AE8 /* Base */,
			);
			name = Main.storyboard;
			sourceTree = "<group>";
		};
		A921D399298F71E700678AE8 /* LaunchScreen.storyboard */ = {
			isa = PBXVariantGroup;
			children = (
				A921D39A298F71E700678AE8 /* Base */,
			);
			name = LaunchScreen.storyboard;
			sourceTree = "<group>";
		};
/* End PBXVariantGroup section */

/* Begin XCBuildConfiguration section */
		A921D39D298F71E700678AE8 /* Debug */ = {
			isa = XCBuildConfiguration;
			buildSettings = {
				ALWAYS_SEARCH_USER_PATHS = NO;
				CLANG_ANALYZER_NONNULL = YES;
				CLANG_ANALYZER_NUMBER_OBJECT_CONVERSION = YES_AGGRESSIVE;
				CLANG_CXX_LANGUAGE_STANDARD = "gnu++20";
				CLANG_ENABLE_MODULES = YES;
				CLANG_ENABLE_OBJC_ARC = YES;
				CLANG_ENABLE_OBJC_WEAK = YES;
				CLANG_WARN_BLOCK_CAPTURE_AUTORELEASING = YES;
				CLANG_WARN_BOOL_CONVERSION = YES;
				CLANG_WARN_COMMA = YES;
				CLANG_WARN_CONSTANT_CONVERSION = YES;
				CLANG_WARN_DEPRECATED_OBJC_IMPLEMENTATIONS = YES;
				CLANG_WARN_DIRECT_OBJC_ISA_USAGE = YES_ERROR;
				CLANG_WARN_DOCUMENTATION_COMMENTS = YES;
				CLANG_WARN_EMPTY_BODY = YES;
				CLANG_WARN_ENUM_CONVERSION = YES;
				CLANG_WARN_INFINITE_RECURSION = YES;
				CLANG_WARN_INT_CONVERSION = YES;
				CLANG_WARN_NON_LITERAL_NULL_CONVERSION = YES;
				CLANG_WARN_OBJC_IMPLICIT_RETAIN_SELF = YES;
				CLANG_WARN_OBJC_LITERAL_CONVERSION = YES;
				CLANG_WARN_OBJC_ROOT_CLASS = YES_ERROR;
				CLANG_WARN_QUOTED_INCLUDE_IN_FRAMEWORK_HEADER = YES;
				CLANG_WARN_RANGE_LOOP_ANALYSIS = YES;
				CLANG_WARN_STRICT_PROTOTYPES = YES;
				CLANG_WARN_SUSPICIOUS_MOVE = YES;
				CLANG_WARN_UNGUARDED_AVAILABILITY = YES_AGGRESSIVE;
				CLANG_WARN_UNREACHABLE_CODE = YES;
				CLANG_WARN__DUPLICATE_METHOD_MATCH = YES;
				COPY_PHASE_STRIP = NO;
				DEBUG_INFORMATION_FORMAT = dwarf;
				ENABLE_STRICT_OBJC_MSGSEND = YES;
				ENABLE_TESTABILITY = YES;
				GCC_C_LANGUAGE_STANDARD = gnu11;
				GCC_DYNAMIC_NO_PIC = NO;
				GCC_NO_COMMON_BLOCKS = YES;
				GCC_OPTIMIZATION_LEVEL = 0;
				GCC_PREPROCESSOR_DEFINITIONS = (
					"DEBUG=1",
					"$(inherited)",
				);
				GCC_WARN_64_TO_32_BIT_CONVERSION = YES;
				GCC_WARN_ABOUT_RETURN_TYPE = YES_ERROR;
				GCC_WARN_UNDECLARED_SELECTOR = YES;
				GCC_WARN_UNINITIALIZED_AUTOS = YES_AGGRESSIVE;
				GCC_WARN_UNUSED_FUNCTION = YES;
				GCC_WARN_UNUSED_VARIABLE = YES;
				IPHONEOS_DEPLOYMENT_TARGET = 16.2;
				MTL_ENABLE_DEBUG_INFO = INCLUDE_SOURCE;
				MTL_FAST_MATH = YES;
				ONLY_ACTIVE_ARCH = YES;
				SDKROOT = iphoneos;
				SWIFT_ACTIVE_COMPILATION_CONDITIONS = DEBUG;
				SWIFT_OPTIMIZATION_LEVEL = "-Onone";
			};
			name = Debug;
		};
		A921D39E298F71E700678AE8 /* Release */ = {
			isa = XCBuildConfiguration;
			buildSettings = {
				ALWAYS_SEARCH_USER_PATHS = NO;
				CLANG_ANALYZER_NONNULL = YES;
				CLANG_ANALYZER_NUMBER_OBJECT_CONVERSION = YES_AGGRESSIVE;
				CLANG_CXX_LANGUAGE_STANDARD = "gnu++20";
				CLANG_ENABLE_MODULES = YES;
				CLANG_ENABLE_OBJC_ARC = YES;
				CLANG_ENABLE_OBJC_WEAK = YES;
				CLANG_WARN_BLOCK_CAPTURE_AUTORELEASING = YES;
				CLANG_WARN_BOOL_CONVERSION = YES;
				CLANG_WARN_COMMA = YES;
				CLANG_WARN_CONSTANT_CONVERSION = YES;
				CLANG_WARN_DEPRECATED_OBJC_IMPLEMENTATIONS = YES;
				CLANG_WARN_DIRECT_OBJC_ISA_USAGE = YES_ERROR;
				CLANG_WARN_DOCUMENTATION_COMMENTS = YES;
				CLANG_WARN_EMPTY_BODY = YES;
				CLANG_WARN_ENUM_CONVERSION = YES;
				CLANG_WARN_INFINITE_RECURSION = YES;
				CLANG_WARN_INT_CONVERSION = YES;
				CLANG_WARN_NON_LITERAL_NULL_CONVERSION = YES;
				CLANG_WARN_OBJC_IMPLICIT_RETAIN_SELF = YES;
				CLANG_WARN_OBJC_LITERAL_CONVERSION = YES;
				CLANG_WARN_OBJC_ROOT_CLASS = YES_ERROR;
				CLANG_WARN_QUOTED_INCLUDE_IN_FRAMEWORK_HEADER = YES;
				CLANG_WARN_RANGE_LOOP_ANALYSIS = YES;
				CLANG_WARN_STRICT_PROTOTYPES = YES;
				CLANG_WARN_SUSPICIOUS_MOVE = YES;
				CLANG_WARN_UNGUARDED_AVAILABILITY = YES_AGGRESSIVE;
				CLANG_WARN_UNREACHABLE_CODE = YES;
				CLANG_WARN__DUPLICATE_METHOD_MATCH = YES;
				COPY_PHASE_STRIP = NO;
				DEBUG_INFORMATION_FORMAT = "dwarf-with-dsym";
				ENABLE_NS_ASSERTIONS = NO;
				ENABLE_STRICT_OBJC_MSGSEND = YES;
				GCC_C_LANGUAGE_STANDARD = gnu11;
				GCC_NO_COMMON_BLOCKS = YES;
				GCC_WARN_64_TO_32_BIT_CONVERSION = YES;
				GCC_WARN_ABOUT_RETURN_TYPE = YES_ERROR;
				GCC_WARN_UNDECLARED_SELECTOR = YES;
				GCC_WARN_UNINITIALIZED_AUTOS = YES_AGGRESSIVE;
				GCC_WARN_UNUSED_FUNCTION = YES;
				GCC_WARN_UNUSED_VARIABLE = YES;
				IPHONEOS_DEPLOYMENT_TARGET = 16.2;
				MTL_ENABLE_DEBUG_INFO = NO;
				MTL_FAST_MATH = YES;
				SDKROOT = iphoneos;
				SWIFT_COMPILATION_MODE = wholemodule;
				SWIFT_OPTIMIZATION_LEVEL = "-O";
				VALIDATE_PRODUCT = YES;
			};
			name = Release;
		};
		A921D3A0298F71E700678AE8 /* Debug */ = {
			isa = XCBuildConfiguration;
			baseConfigurationReference = 78AC6A90DE962CCC50D36CAC /* Pods-AsteroidNeo Stats.debug.xcconfig */;
			buildSettings = {
				ASSETCATALOG_COMPILER_APPICON_NAME = AppIcon;
				ASSETCATALOG_COMPILER_GLOBAL_ACCENT_COLOR_NAME = AccentColor;
				CODE_SIGN_STYLE = Automatic;
				CURRENT_PROJECT_VERSION = 1;
				GENERATE_INFOPLIST_FILE = YES;
				INFOPLIST_FILE = "AsteroidNeo Stats/Info.plist";
				INFOPLIST_KEY_UIApplicationSupportsIndirectInputEvents = YES;
				INFOPLIST_KEY_UILaunchStoryboardName = LaunchScreen;
				INFOPLIST_KEY_UIMainStoryboardFile = Main;
				INFOPLIST_KEY_UISupportedInterfaceOrientations_iPad = "UIInterfaceOrientationPortrait UIInterfaceOrientationPortraitUpsideDown UIInterfaceOrientationLandscapeLeft UIInterfaceOrientationLandscapeRight";
				INFOPLIST_KEY_UISupportedInterfaceOrientations_iPhone = "UIInterfaceOrientationPortrait UIInterfaceOrientationLandscapeLeft UIInterfaceOrientationLandscapeRight";
				IPHONEOS_DEPLOYMENT_TARGET = 16.0;
				LD_RUNPATH_SEARCH_PATHS = (
					"$(inherited)",
					"@executable_path/Frameworks",
				);
				MARKETING_VERSION = 1.0;
				PRODUCT_BUNDLE_IDENTIFIER = "com.Asteroid.NeoStats.com.AsteroidNeo-Stats";
				PRODUCT_NAME = "$(TARGET_NAME)";
				SWIFT_EMIT_LOC_STRINGS = YES;
				SWIFT_VERSION = 5.0;
				TARGETED_DEVICE_FAMILY = "1,2";
			};
			name = Debug;
		};
		A921D3A1298F71E700678AE8 /* Release */ = {
			isa = XCBuildConfiguration;
			baseConfigurationReference = 57916DED032F4E7A6549925A /* Pods-AsteroidNeo Stats.release.xcconfig */;
			buildSettings = {
				ASSETCATALOG_COMPILER_APPICON_NAME = AppIcon;
				ASSETCATALOG_COMPILER_GLOBAL_ACCENT_COLOR_NAME = AccentColor;
				CODE_SIGN_STYLE = Automatic;
				CURRENT_PROJECT_VERSION = 1;
				GENERATE_INFOPLIST_FILE = YES;
				INFOPLIST_FILE = "AsteroidNeo Stats/Info.plist";
				INFOPLIST_KEY_UIApplicationSupportsIndirectInputEvents = YES;
				INFOPLIST_KEY_UILaunchStoryboardName = LaunchScreen;
				INFOPLIST_KEY_UIMainStoryboardFile = Main;
				INFOPLIST_KEY_UISupportedInterfaceOrientations_iPad = "UIInterfaceOrientationPortrait UIInterfaceOrientationPortraitUpsideDown UIInterfaceOrientationLandscapeLeft UIInterfaceOrientationLandscapeRight";
				INFOPLIST_KEY_UISupportedInterfaceOrientations_iPhone = "UIInterfaceOrientationPortrait UIInterfaceOrientationLandscapeLeft UIInterfaceOrientationLandscapeRight";
				IPHONEOS_DEPLOYMENT_TARGET = 16.0;
				LD_RUNPATH_SEARCH_PATHS = (
					"$(inherited)",
					"@executable_path/Frameworks",
				);
				MARKETING_VERSION = 1.0;
				PRODUCT_BUNDLE_IDENTIFIER = "com.Asteroid.NeoStats.com.AsteroidNeo-Stats";
				PRODUCT_NAME = "$(TARGET_NAME)";
				SWIFT_EMIT_LOC_STRINGS = YES;
				SWIFT_VERSION = 5.0;
				TARGETED_DEVICE_FAMILY = "1,2";
			};
			name = Release;
		};
/* End XCBuildConfiguration section */

/* Begin XCConfigurationList section */
		A921D386298F71E600678AE8 /* Build configuration list for PBXProject "AsteroidNeo Stats" */ = {
			isa = XCConfigurationList;
			buildConfigurations = (
				A921D39D298F71E700678AE8 /* Debug */,
				A921D39E298F71E700678AE8 /* Release */,
			);
			defaultConfigurationIsVisible = 0;
			defaultConfigurationName = Release;
		};
		A921D39F298F71E700678AE8 /* Build configuration list for PBXNativeTarget "AsteroidNeo Stats" */ = {
			isa = XCConfigurationList;
			buildConfigurations = (
				A921D3A0298F71E700678AE8 /* Debug */,
				A921D3A1298F71E700678AE8 /* Release */,
			);
			defaultConfigurationIsVisible = 0;
			defaultConfigurationName = Release;
		};
/* End XCConfigurationList section */
	};
	rootObject = A921D383298F71E600678AE8 /* Project object */;
}
